
Microsoft Visual Studio Solution File, Format Version 12.00
# Visual Studio Version 17
VisualStudioVersion = 17.6.33815.320
MinimumVisualStudioVersion = 10.0.40219.1
Project("{2150E333-8FDC-42A3-9474-1A3956D46DE8}") = "BackEnd", "BackEnd", "{176EBED0-20B9-4C61-AFDB-B1DE275F89BF}"
EndProject
Project("{2150E333-8FDC-42A3-9474-1A3956D46DE8}") = "FrontEnd", "FrontEnd", "{E3F3518C-9655-456A-A67C-7FB35584482B}"
EndProject
Project("{9A19103F-16F7-4668-BE54-9A1E7A4F7556}") = "Core", "BackEnd\Core\Core.csproj", "{308BDA18-FD76-4E49-ACF3-1F8CACD576F9}"
EndProject
Project("{9A19103F-16F7-4668-BE54-9A1E7A4F7556}") = "Entities", "BackEnd\Entities\Entities.csproj", "{229972D7-9351-4DFF-AA9F-38E5022C4615}"
EndProject
Project("{9A19103F-16F7-4668-BE54-9A1E7A4F7556}") = "DataAccess", "BackEnd\DataAccess\DataAccess.csproj", "{C918F0CB-F7CF-4E78-AF92-90B92D32B258}"
EndProject
Project("{9A19103F-16F7-4668-BE54-9A1E7A4F7556}") = "Business", "BackEnd\Business\Business.csproj", "{2676C73F-2471-4F79-ABD6-090405C33C51}"
EndProject
Project("{9A19103F-16F7-4668-BE54-9A1E7A4F7556}") = "API", "BackEnd\API\API.csproj", "{F7A49819-D257-45A8-89AB-23D75E49B49D}"
EndProject
Project("{FAE04EC0-301F-11D3-BF4B-00C04F79EFBC}") = "UI", "FrontEnd\UI\UI.csproj", "{A49DE684-61AD-4D95-BDCD-8DD1C3EF18DA}"
EndProject
Project("{FAE04EC0-301F-11D3-BF4B-00C04F79EFBC}") = "Entities", "FrontEnd\Entities\Entities.csproj", "{CB0139DE-5588-4F3F-B872-E493867EC172}"
EndProject
Project("{FAE04EC0-301F-11D3-BF4B-00C04F79EFBC}") = "Business", "FrontEnd\Business\Business.csproj", "{B83F3C68-930C-4EFC-A80B-55A32EF8927F}"
EndProject
Project("{FAE04EC0-301F-11D3-BF4B-00C04F79EFBC}") = "Configurations", "FrontEnd\Configurations\Configurations.csproj", "{670CE3A5-825D-4C5C-A06C-EB8D0CFDAEB3}"
EndProject
Global
	GlobalSection(SolutionConfigurationPlatforms) = preSolution
		Debug|Any CPU = Debug|Any CPU
		Release|Any CPU = Release|Any CPU
	EndGlobalSection
	GlobalSection(ProjectConfigurationPlatforms) = postSolution
		{308BDA18-FD76-4E49-ACF3-1F8CACD576F9}.Debug|Any CPU.ActiveCfg = Debug|Any CPU
		{308BDA18-FD76-4E49-ACF3-1F8CACD576F9}.Debug|Any CPU.Build.0 = Debug|Any CPU
		{308BDA18-FD76-4E49-ACF3-1F8CACD576F9}.Release|Any CPU.ActiveCfg = Release|Any CPU
		{308BDA18-FD76-4E49-ACF3-1F8CACD576F9}.Release|Any CPU.Build.0 = Release|Any CPU
		{229972D7-9351-4DFF-AA9F-38E5022C4615}.Debug|Any CPU.ActiveCfg = Debug|Any CPU
		{229972D7-9351-4DFF-AA9F-38E5022C4615}.Debug|Any CPU.Build.0 = Debug|Any CPU
		{229972D7-9351-4DFF-AA9F-38E5022C4615}.Release|Any CPU.ActiveCfg = Release|Any CPU
		{229972D7-9351-4DFF-AA9F-38E5022C4615}.Release|Any CPU.Build.0 = Release|Any CPU
		{C918F0CB-F7CF-4E78-AF92-90B92D32B258}.Debug|Any CPU.ActiveCfg = Debug|Any CPU
		{C918F0CB-F7CF-4E78-AF92-90B92D32B258}.Debug|Any CPU.Build.0 = Debug|Any CPU
		{C918F0CB-F7CF-4E78-AF92-90B92D32B258}.Release|Any CPU.ActiveCfg = Release|Any CPU
		{C918F0CB-F7CF-4E78-AF92-90B92D32B258}.Release|Any CPU.Build.0 = Release|Any CPU
		{2676C73F-2471-4F79-ABD6-090405C33C51}.Debug|Any CPU.ActiveCfg = Debug|Any CPU
		{2676C73F-2471-4F79-ABD6-090405C33C51}.Debug|Any CPU.Build.0 = Debug|Any CPU
		{2676C73F-2471-4F79-ABD6-090405C33C51}.Release|Any CPU.ActiveCfg = Release|Any CPU
		{2676C73F-2471-4F79-ABD6-090405C33C51}.Release|Any CPU.Build.0 = Release|Any CPU
		{F7A49819-D257-45A8-89AB-23D75E49B49D}.Debug|Any CPU.ActiveCfg = Debug|Any CPU
		{F7A49819-D257-45A8-89AB-23D75E49B49D}.Debug|Any CPU.Build.0 = Debug|Any CPU
		{F7A49819-D257-45A8-89AB-23D75E49B49D}.Release|Any CPU.ActiveCfg = Release|Any CPU
		{F7A49819-D257-45A8-89AB-23D75E49B49D}.Release|Any CPU.Build.0 = Release|Any CPU
		{A49DE684-61AD-4D95-BDCD-8DD1C3EF18DA}.Debug|Any CPU.ActiveCfg = Debug|Any CPU
		{A49DE684-61AD-4D95-BDCD-8DD1C3EF18DA}.Debug|Any CPU.Build.0 = Debug|Any CPU
		{A49DE684-61AD-4D95-BDCD-8DD1C3EF18DA}.Release|Any CPU.ActiveCfg = Release|Any CPU
		{A49DE684-61AD-4D95-BDCD-8DD1C3EF18DA}.Release|Any CPU.Build.0 = Release|Any CPU
		{CB0139DE-5588-4F3F-B872-E493867EC172}.Debug|Any CPU.ActiveCfg = Debug|Any CPU
		{CB0139DE-5588-4F3F-B872-E493867EC172}.Debug|Any CPU.Build.0 = Debug|Any CPU
		{CB0139DE-5588-4F3F-B872-E493867EC172}.Release|Any CPU.ActiveCfg = Release|Any CPU
		{CB0139DE-5588-4F3F-B872-E493867EC172}.Release|Any CPU.Build.0 = Release|Any CPU
		{B83F3C68-930C-4EFC-A80B-55A32EF8927F}.Debug|Any CPU.ActiveCfg = Debug|Any CPU
		{B83F3C68-930C-4EFC-A80B-55A32EF8927F}.Debug|Any CPU.Build.0 = Debug|Any CPU
		{B83F3C68-930C-4EFC-A80B-55A32EF8927F}.Release|Any CPU.ActiveCfg = Release|Any CPU
		{B83F3C68-930C-4EFC-A80B-55A32EF8927F}.Release|Any CPU.Build.0 = Release|Any CPU
		{670CE3A5-825D-4C5C-A06C-EB8D0CFDAEB3}.Debug|Any CPU.ActiveCfg = Debug|Any CPU
		{670CE3A5-825D-4C5C-A06C-EB8D0CFDAEB3}.Debug|Any CPU.Build.0 = Debug|Any CPU
		{670CE3A5-825D-4C5C-A06C-EB8D0CFDAEB3}.Release|Any CPU.ActiveCfg = Release|Any CPU
		{670CE3A5-825D-4C5C-A06C-EB8D0CFDAEB3}.Release|Any CPU.Build.0 = Release|Any CPU
	EndGlobalSection
	GlobalSection(SolutionProperties) = preSolution
		HideSolutionNode = FALSE
	EndGlobalSection
	GlobalSection(NestedProjects) = preSolution
		{308BDA18-FD76-4E49-ACF3-1F8CACD576F9} = {176EBED0-20B9-4C61-AFDB-B1DE275F89BF}
		{229972D7-9351-4DFF-AA9F-38E5022C4615} = {176EBED0-20B9-4C61-AFDB-B1DE275F89BF}
		{C918F0CB-F7CF-4E78-AF92-90B92D32B258} = {176EBED0-20B9-4C61-AFDB-B1DE275F89BF}
		{2676C73F-2471-4F79-ABD6-090405C33C51} = {176EBED0-20B9-4C61-AFDB-B1DE275F89BF}
		{F7A49819-D257-45A8-89AB-23D75E49B49D} = {176EBED0-20B9-4C61-AFDB-B1DE275F89BF}
		{A49DE684-61AD-4D95-BDCD-8DD1C3EF18DA} = {E3F3518C-9655-456A-A67C-7FB35584482B}
		{CB0139DE-5588-4F3F-B872-E493867EC172} = {E3F3518C-9655-456A-A67C-7FB35584482B}
		{B83F3C68-930C-4EFC-A80B-55A32EF8927F} = {E3F3518C-9655-456A-A67C-7FB35584482B}
		{670CE3A5-825D-4C5C-A06C-EB8D0CFDAEB3} = {E3F3518C-9655-456A-A67C-7FB35584482B}
	EndGlobalSection
	GlobalSection(ExtensibilityGlobals) = postSolution
		SolutionGuid = {E92A2CAC-247E-452C-8C01-C6FDF38F7517}
	EndGlobalSection
EndGlobal
